
Microsoft Visual Studio Solution File, Format Version 12.00
# Visual Studio 15
VisualStudioVersion = 15.0.28307.271
MinimumVisualStudioVersion = 10.0.40219.1
Project("{FAE04EC0-301F-11D3-BF4B-00C04F79EFBC}") = "nunitframework", "nunitframework\nunitframework.csproj", "{B16A831C-72F1-435E-B0F3-94625C000C12}"
EndProject
Global
	GlobalSection(SolutionConfigurationPlatforms) = preSolution
		Debug|Any CPU = Debug|Any CPU
		Release|Any CPU = Release|Any CPU
	EndGlobalSection
	GlobalSection(ProjectConfigurationPlatforms) = postSolution
		{B16A831C-72F1-435E-B0F3-94625C000C12}.Debug|Any CPU.ActiveCfg = Debug|Any CPU
		{B16A831C-72F1-435E-B0F3-94625C000C12}.Debug|Any CPU.Build.0 = Debug|Any CPU
		{B16A831C-72F1-435E-B0F3-94625C000C12}.Release|Any CPU.ActiveCfg = Release|Any CPU
		{B16A831C-72F1-435E-B0F3-94625C000C12}.Release|Any CPU.Build.0 = Release|Any CPU
	EndGlobalSection
	GlobalSection(SolutionProperties) = preSolution
		HideSolutionNode = FALSE
	EndGlobalSection
	GlobalSection(ExtensibilityGlobals) = postSolution
		SolutionGuid = {84162C56-896B-4715-B666-5C353F4A32BF}
	EndGlobalSection
EndGlobal
